{
  "pins" : [
    {
      "identity" : "binarycodable",
      "kind" : "remoteSourceControl",
      "location" : "https://github.com/christophhagen/BinaryCodable",
      "state" : {
        "revision" : "4febea33ee5d813fd9c94c9158be6c85472480d2",
        "version" : "3.1.0"
      }
    },
    {
      "identity" : "swiftcube",
      "kind" : "remoteSourceControl",
      "location" : "https://github.com/ronan18/SwiftCube",
      "state" : {
        "revision" : "ccd63fd86f49e9020142a45f503eb92c50e8ef35",
        "version" : "1.0.1"
      }
    }
  ],
  "version" : 2
}
